
Microsoft Visual Studio Solution File, Format Version 12.00
# Visual Studio 2012
Project("{8BC9CEB8-8B4A-11D0-8D11-00A0C91BC942}") = "FoldersMonitorServer", "FoldersMonitorServer.vcxproj", "{8BB9C76A-2DB0-4FEE-879C-52A4CC12A5D6}"
EndProject
Project("{2150E333-8FDC-42A3-9474-1A3956D46DE8}") = "ComBase", "ComBase", "{B5FCD574-71E8-4787-8F90-E2257F62275A}"
	ProjectSection(SolutionItems) = preProject
		..\ComBase\CFactory.h = ..\ComBase\CFactory.h
		..\ComBase\CUnknown.h = ..\ComBase\CUnknown.h
		..\ComBase\Registry.h = ..\ComBase\Registry.h
		..\ComBase\Trace.h = ..\ComBase\Trace.h
	EndProjectSection
EndProject
Project("{8BC9CEB8-8B4A-11D0-8D11-00A0C91BC942}") = "FoldersMonitorClient", "..\FoldersMonitorClient\FoldersMonitorClient.vcxproj", "{EDFF0DE7-6033-4D33-A227-72FB4E46F71D}"
EndProject
Project("{8BC9CEB8-8B4A-11D0-8D11-00A0C91BC942}") = "Proxy", "Proxy\Proxy.vcxproj", "{6F9DD5FD-06E6-4D3F-BA8B-056002592FFF}"
EndProject
Project("{FAE04EC0-301F-11D3-BF4B-00C04F79EFBC}") = "Cs_FoldersMonitorClient", "..\Cs_FoldersMonitorClient\Cs_FoldersMonitorClient.csproj", "{4CA6BC4C-5F54-42B0-A5B2-9BB6DAC1920F}"
EndProject
Global
	GlobalSection(SolutionConfigurationPlatforms) = preSolution
		Debug|Any CPU = Debug|Any CPU
		Debug|Mixed Platforms = Debug|Mixed Platforms
		Debug|Win32 = Debug|Win32
		Debug|x64 = Debug|x64
		Release|Any CPU = Release|Any CPU
		Release|Mixed Platforms = Release|Mixed Platforms
		Release|Win32 = Release|Win32
		Release|x64 = Release|x64
	EndGlobalSection
	GlobalSection(ProjectConfigurationPlatforms) = postSolution
		{8BB9C76A-2DB0-4FEE-879C-52A4CC12A5D6}.Debug|Any CPU.ActiveCfg = Debug|Win32
		{8BB9C76A-2DB0-4FEE-879C-52A4CC12A5D6}.Debug|Mixed Platforms.ActiveCfg = Debug|Win32
		{8BB9C76A-2DB0-4FEE-879C-52A4CC12A5D6}.Debug|Mixed Platforms.Build.0 = Debug|Win32
		{8BB9C76A-2DB0-4FEE-879C-52A4CC12A5D6}.Debug|Win32.ActiveCfg = Debug|Win32
		{8BB9C76A-2DB0-4FEE-879C-52A4CC12A5D6}.Debug|Win32.Build.0 = Debug|Win32
		{8BB9C76A-2DB0-4FEE-879C-52A4CC12A5D6}.Debug|x64.ActiveCfg = Debug|x64
		{8BB9C76A-2DB0-4FEE-879C-52A4CC12A5D6}.Debug|x64.Build.0 = Debug|x64
		{8BB9C76A-2DB0-4FEE-879C-52A4CC12A5D6}.Release|Any CPU.ActiveCfg = Release|Win32
		{8BB9C76A-2DB0-4FEE-879C-52A4CC12A5D6}.Release|Mixed Platforms.ActiveCfg = Release|Win32
		{8BB9C76A-2DB0-4FEE-879C-52A4CC12A5D6}.Release|Mixed Platforms.Build.0 = Release|Win32
		{8BB9C76A-2DB0-4FEE-879C-52A4CC12A5D6}.Release|Win32.ActiveCfg = Release|Win32
		{8BB9C76A-2DB0-4FEE-879C-52A4CC12A5D6}.Release|Win32.Build.0 = Release|Win32
		{8BB9C76A-2DB0-4FEE-879C-52A4CC12A5D6}.Release|x64.ActiveCfg = Release|x64
		{8BB9C76A-2DB0-4FEE-879C-52A4CC12A5D6}.Release|x64.Build.0 = Release|x64
		{EDFF0DE7-6033-4D33-A227-72FB4E46F71D}.Debug|Any CPU.ActiveCfg = Debug|Win32
		{EDFF0DE7-6033-4D33-A227-72FB4E46F71D}.Debug|Mixed Platforms.ActiveCfg = Debug|x64
		{EDFF0DE7-6033-4D33-A227-72FB4E46F71D}.Debug|Mixed Platforms.Build.0 = Debug|x64
		{EDFF0DE7-6033-4D33-A227-72FB4E46F71D}.Debug|Win32.ActiveCfg = Debug|Win32
		{EDFF0DE7-6033-4D33-A227-72FB4E46F71D}.Debug|Win32.Build.0 = Debug|Win32
		{EDFF0DE7-6033-4D33-A227-72FB4E46F71D}.Debug|x64.ActiveCfg = Debug|x64
		{EDFF0DE7-6033-4D33-A227-72FB4E46F71D}.Release|Any CPU.ActiveCfg = Release|Win32
		{EDFF0DE7-6033-4D33-A227-72FB4E46F71D}.Release|Mixed Platforms.ActiveCfg = Release|x64
		{EDFF0DE7-6033-4D33-A227-72FB4E46F71D}.Release|Mixed Platforms.Build.0 = Release|x64
		{EDFF0DE7-6033-4D33-A227-72FB4E46F71D}.Release|Win32.ActiveCfg = Release|Win32
		{EDFF0DE7-6033-4D33-A227-72FB4E46F71D}.Release|Win32.Build.0 = Release|Win32
		{EDFF0DE7-6033-4D33-A227-72FB4E46F71D}.Release|x64.ActiveCfg = Release|x64
		{6F9DD5FD-06E6-4D3F-BA8B-056002592FFF}.Debug|Any CPU.ActiveCfg = Debug|Win32
		{6F9DD5FD-06E6-4D3F-BA8B-056002592FFF}.Debug|Mixed Platforms.ActiveCfg = Debug|Win32
		{6F9DD5FD-06E6-4D3F-BA8B-056002592FFF}.Debug|Mixed Platforms.Build.0 = Debug|Win32
		{6F9DD5FD-06E6-4D3F-BA8B-056002592FFF}.Debug|Win32.ActiveCfg = Debug|Win32
		{6F9DD5FD-06E6-4D3F-BA8B-056002592FFF}.Debug|Win32.Build.0 = Debug|Win32
		{6F9DD5FD-06E6-4D3F-BA8B-056002592FFF}.Debug|x64.ActiveCfg = Debug|x64
		{6F9DD5FD-06E6-4D3F-BA8B-056002592FFF}.Release|Any CPU.ActiveCfg = Release|Win32
		{6F9DD5FD-06E6-4D3F-BA8B-056002592FFF}.Release|Mixed Platforms.ActiveCfg = Release|Win32
		{6F9DD5FD-06E6-4D3F-BA8B-056002592FFF}.Release|Mixed Platforms.Build.0 = Release|Win32
		{6F9DD5FD-06E6-4D3F-BA8B-056002592FFF}.Release|Win32.ActiveCfg = Release|Win32
		{6F9DD5FD-06E6-4D3F-BA8B-056002592FFF}.Release|Win32.Build.0 = Release|Win32
		{6F9DD5FD-06E6-4D3F-BA8B-056002592FFF}.Release|x64.ActiveCfg = Release|x64
		{4CA6BC4C-5F54-42B0-A5B2-9BB6DAC1920F}.Debug|Any CPU.ActiveCfg = Debug|Any CPU
		{4CA6BC4C-5F54-42B0-A5B2-9BB6DAC1920F}.Debug|Any CPU.Build.0 = Debug|Any CPU
		{4CA6BC4C-5F54-42B0-A5B2-9BB6DAC1920F}.Debug|Mixed Platforms.ActiveCfg = Debug|Any CPU
		{4CA6BC4C-5F54-42B0-A5B2-9BB6DAC1920F}.Debug|Mixed Platforms.Build.0 = Debug|Any CPU
		{4CA6BC4C-5F54-42B0-A5B2-9BB6DAC1920F}.Debug|Win32.ActiveCfg = Debug|Any CPU
		{4CA6BC4C-5F54-42B0-A5B2-9BB6DAC1920F}.Debug|x64.ActiveCfg = Debug|x64
		{4CA6BC4C-5F54-42B0-A5B2-9BB6DAC1920F}.Release|Any CPU.ActiveCfg = Release|Any CPU
		{4CA6BC4C-5F54-42B0-A5B2-9BB6DAC1920F}.Release|Any CPU.Build.0 = Release|Any CPU
		{4CA6BC4C-5F54-42B0-A5B2-9BB6DAC1920F}.Release|Mixed Platforms.ActiveCfg = Release|Any CPU
		{4CA6BC4C-5F54-42B0-A5B2-9BB6DAC1920F}.Release|Mixed Platforms.Build.0 = Release|Any CPU
		{4CA6BC4C-5F54-42B0-A5B2-9BB6DAC1920F}.Release|Win32.ActiveCfg = Release|Any CPU
		{4CA6BC4C-5F54-42B0-A5B2-9BB6DAC1920F}.Release|x64.ActiveCfg = Release|Any CPU
	EndGlobalSection
	GlobalSection(SolutionProperties) = preSolution
		HideSolutionNode = FALSE
	EndGlobalSection
EndGlobal
